
Microsoft Visual Studio Solution File, Format Version 12.00
# Visual Studio Version 17
VisualStudioVersion = 17.5.33424.131
MinimumVisualStudioVersion = 10.0.40219.1
Project("{9A19103F-16F7-4668-BE54-9A1E7A4F7556}") = "HardwareProvider", "HardwareProvider.csproj", "{6CB28A05-AF41-4929-BBB2-F4131BC52F6E}"
EndProject
Project("{FAE04EC0-301F-11D3-BF4B-00C04F79EFBC}") = "SecurityServiceProvider", "..\SecurityServiceProvider\SecurityServiceProvider.csproj", "{A824DB9B-F27D-4648-B50F-79335469797F}"
EndProject
Project("{FAE04EC0-301F-11D3-BF4B-00C04F79EFBC}") = "Animation", "..\Animation\Animation.csproj", "{2B170AE4-E4B5-4693-BE9C-7E9D1DF7ADF1}"
EndProject
Global
	GlobalSection(SolutionConfigurationPlatforms) = preSolution
		Debug|Any CPU = Debug|Any CPU
		Release|Any CPU = Release|Any CPU
	EndGlobalSection
	GlobalSection(ProjectConfigurationPlatforms) = postSolution
		{6CB28A05-AF41-4929-BBB2-F4131BC52F6E}.Debug|Any CPU.ActiveCfg = Debug|Any CPU
		{6CB28A05-AF41-4929-BBB2-F4131BC52F6E}.Debug|Any CPU.Build.0 = Debug|Any CPU
		{6CB28A05-AF41-4929-BBB2-F4131BC52F6E}.Release|Any CPU.ActiveCfg = Release|Any CPU
		{6CB28A05-AF41-4929-BBB2-F4131BC52F6E}.Release|Any CPU.Build.0 = Release|Any CPU
		{A824DB9B-F27D-4648-B50F-79335469797F}.Debug|Any CPU.ActiveCfg = Debug|Any CPU
		{A824DB9B-F27D-4648-B50F-79335469797F}.Debug|Any CPU.Build.0 = Debug|Any CPU
		{A824DB9B-F27D-4648-B50F-79335469797F}.Release|Any CPU.ActiveCfg = Release|Any CPU
		{A824DB9B-F27D-4648-B50F-79335469797F}.Release|Any CPU.Build.0 = Release|Any CPU
		{2B170AE4-E4B5-4693-BE9C-7E9D1DF7ADF1}.Debug|Any CPU.ActiveCfg = Debug|Any CPU
		{2B170AE4-E4B5-4693-BE9C-7E9D1DF7ADF1}.Debug|Any CPU.Build.0 = Debug|Any CPU
		{2B170AE4-E4B5-4693-BE9C-7E9D1DF7ADF1}.Release|Any CPU.ActiveCfg = Release|Any CPU
		{2B170AE4-E4B5-4693-BE9C-7E9D1DF7ADF1}.Release|Any CPU.Build.0 = Release|Any CPU
	EndGlobalSection
	GlobalSection(SolutionProperties) = preSolution
		HideSolutionNode = FALSE
	EndGlobalSection
	GlobalSection(ExtensibilityGlobals) = postSolution
		SolutionGuid = {E55CD365-9CA0-4383-AB20-DF0920FE1BF3}
	EndGlobalSection
EndGlobal
